
Microsoft Visual Studio Solution File, Format Version 12.00
# Visual Studio 15
VisualStudioVersion = 15.0.27428.2043
MinimumVisualStudioVersion = 10.0.40219.1
Project("{FAE04EC0-301F-11D3-BF4B-00C04F79EFBC}") = "WebApplication5", "WebApplication5\WebApplication5.csproj", "{BCDB8C02-90C6-4908-9B6B-A46CDDDD8BC0}"
EndProject
Global
	GlobalSection(SolutionConfigurationPlatforms) = preSolution
		Debug|Any CPU = Debug|Any CPU
		Release|Any CPU = Release|Any CPU
	EndGlobalSection
	GlobalSection(ProjectConfigurationPlatforms) = postSolution
		{BCDB8C02-90C6-4908-9B6B-A46CDDDD8BC0}.Debug|Any CPU.ActiveCfg = Debug|Any CPU
		{BCDB8C02-90C6-4908-9B6B-A46CDDDD8BC0}.Debug|Any CPU.Build.0 = Debug|Any CPU
		{BCDB8C02-90C6-4908-9B6B-A46CDDDD8BC0}.Release|Any CPU.ActiveCfg = Release|Any CPU
		{BCDB8C02-90C6-4908-9B6B-A46CDDDD8BC0}.Release|Any CPU.Build.0 = Release|Any CPU
	EndGlobalSection
	GlobalSection(SolutionProperties) = preSolution
		HideSolutionNode = FALSE
	EndGlobalSection
	GlobalSection(ExtensibilityGlobals) = postSolution
		SolutionGuid = {A6C1C744-A7CC-4DA5-9F05-11C40CCA6D32}
	EndGlobalSection
EndGlobal
